
Microsoft Visual Studio Solution File, Format Version 12.00
# Visual Studio Version 16
VisualStudioVersion = 16.0.30114.105
MinimumVisualStudioVersion = 10.0.40219.1
Project("{8BC9CEB8-8B4A-11D0-8D11-00A0C91BC942}") = "loginhelper", "src\loginhelper\loginhelper.vcxproj", "{1370C494-A018-46B1-B8EA-0D9185E3A882}"
EndProject
Global
	GlobalSection(SolutionConfigurationPlatforms) = preSolution
		Debug|x64 = Debug|x64
		Debug|x86 = Debug|x86
		Release|x64 = Release|x64
		Release|x86 = Release|x86
	EndGlobalSection
	GlobalSection(ProjectConfigurationPlatforms) = postSolution
		{1370C494-A018-46B1-B8EA-0D9185E3A882}.Debug|x64.ActiveCfg = Debug|x64
		{1370C494-A018-46B1-B8EA-0D9185E3A882}.Debug|x64.Build.0 = Debug|x64
		{1370C494-A018-46B1-B8EA-0D9185E3A882}.Debug|x86.ActiveCfg = Debug|Win32
		{1370C494-A018-46B1-B8EA-0D9185E3A882}.Debug|x86.Build.0 = Debug|Win32
		{1370C494-A018-46B1-B8EA-0D9185E3A882}.Release|x64.ActiveCfg = Release|x64
		{1370C494-A018-46B1-B8EA-0D9185E3A882}.Release|x64.Build.0 = Release|x64
		{1370C494-A018-46B1-B8EA-0D9185E3A882}.Release|x86.ActiveCfg = Release|Win32
		{1370C494-A018-46B1-B8EA-0D9185E3A882}.Release|x86.Build.0 = Release|Win32
	EndGlobalSection
	GlobalSection(SolutionProperties) = preSolution
		HideSolutionNode = FALSE
	EndGlobalSection
	GlobalSection(ExtensibilityGlobals) = postSolution
		SolutionGuid = {F6DBF18B-C1E4-4F56-A300-B533A3D61C2D}
	EndGlobalSection
EndGlobal
